// !$*UTF8*$!
{
	archiveVersion = 1;
	classes = {
	};
	objectVersion = 56;
	objects = {

/* Begin PBXBuildFile section */
		0C0554002A5C3A4B00DFECAB /* Product.swift in Sources */ = {isa = PBXBuildFile; fileRef = 0C0553FF2A5C3A4B00DFECAB /* Product.swift */; };
		0C0554022A5C3AB100DFECAB /* Category.swift in Sources */ = {isa = PBXBuildFile; fileRef = 0C0554012A5C3AB100DFECAB /* Category.swift */; };
		0C0554052A5C3E4E00DFECAB /* Toast.swift in Sources */ = {isa = PBXBuildFile; fileRef = 0C0554042A5C3E4E00DFECAB /* Toast.swift */; };
		0C0624D22A60680D00E5E36F /* SQLite in Frameworks */ = {isa = PBXBuildFile; productRef = 0C0624D12A60680D00E5E36F /* SQLite */; };
		0C3AEDE02A7FF84E000F77A3 /* EatHistoryViewController.swift in Sources */ = {isa = PBXBuildFile; fileRef = 0C3AEDDF2A7FF84E000F77A3 /* EatHistoryViewController.swift */; };
		0C5FB0E42A631D5B00B609CF /* Dish.swift in Sources */ = {isa = PBXBuildFile; fileRef = 0C5FB0E32A631D5B00B609CF /* Dish.swift */; };
		0C5FB0E62A631F2100B609CF /* ProductAmount.swift in Sources */ = {isa = PBXBuildFile; fileRef = 0C5FB0E52A631F2100B609CF /* ProductAmount.swift */; };
		0C63C8842A7BBD3200CFDCD2 /* PhotoData.swift in Sources */ = {isa = PBXBuildFile; fileRef = 0C63C8832A7BBD3200CFDCD2 /* PhotoData.swift */; };
		0C913A422A8BDDF800C8F2E8 /* TableViewComponent.swift in Sources */ = {isa = PBXBuildFile; fileRef = 0C913A412A8BDDF800C8F2E8 /* TableViewComponent.swift */; };
		0C98E2392A7E8E4F00A33054 /* StringUtils.swift in Sources */ = {isa = PBXBuildFile; fileRef = 0C98E2382A7E8E4F00A33054 /* StringUtils.swift */; };
		0C9AA1532A87CAAB001F8FF4 /* UILabelPadding.swift in Sources */ = {isa = PBXBuildFile; fileRef = 0C9AA1522A87CAAB001F8FF4 /* UILabelPadding.swift */; };
		0CA539F02A9540AD001CDD2F /* DateUtils.swift in Sources */ = {isa = PBXBuildFile; fileRef = 0CA539EF2A9540AD001CDD2F /* DateUtils.swift */; };
		0CC7D17F2A5AE2E7005DB139 /* AppDelegate.swift in Sources */ = {isa = PBXBuildFile; fileRef = 0CC7D17E2A5AE2E7005DB139 /* AppDelegate.swift */; };
		0CC7D1812A5AE2E7005DB139 /* SceneDelegate.swift in Sources */ = {isa = PBXBuildFile; fileRef = 0CC7D1802A5AE2E7005DB139 /* SceneDelegate.swift */; };
		0CC7D1862A5AE2E7005DB139 /* Main.storyboard in Resources */ = {isa = PBXBuildFile; fileRef = 0CC7D1842A5AE2E7005DB139 /* Main.storyboard */; };
		0CC7D1882A5AE2E8005DB139 /* Assets.xcassets in Resources */ = {isa = PBXBuildFile; fileRef = 0CC7D1872A5AE2E8005DB139 /* Assets.xcassets */; };
		0CC7D18B2A5AE2E8005DB139 /* LaunchScreen.storyboard in Resources */ = {isa = PBXBuildFile; fileRef = 0CC7D1892A5AE2E8005DB139 /* LaunchScreen.storyboard */; };
		0CC7D1962A5AE32D005DB139 /* DatabaseManager.swift in Sources */ = {isa = PBXBuildFile; fileRef = 0CC7D1952A5AE32D005DB139 /* DatabaseManager.swift */; };
		0CC7D19A2A5B2CCF005DB139 /* ShoppingListViewController.swift in Sources */ = {isa = PBXBuildFile; fileRef = 0CC7D1992A5B2CCF005DB139 /* ShoppingListViewController.swift */; };
		0CC7D19C2A5B2CFF005DB139 /* AddProductViewController.swift in Sources */ = {isa = PBXBuildFile; fileRef = 0CC7D19B2A5B2CFF005DB139 /* AddProductViewController.swift */; };
		0CC7D19E2A5B2D0F005DB139 /* ProductsViewController.swift in Sources */ = {isa = PBXBuildFile; fileRef = 0CC7D19D2A5B2D0F005DB139 /* ProductsViewController.swift */; };
		0CC7D1A02A5B2D22005DB139 /* AddDishViewController.swift in Sources */ = {isa = PBXBuildFile; fileRef = 0CC7D19F2A5B2D22005DB139 /* AddDishViewController.swift */; };
		0CC7D1A22A5B2D2F005DB139 /* DishesViewController.swift in Sources */ = {isa = PBXBuildFile; fileRef = 0CC7D1A12A5B2D2F005DB139 /* DishesViewController.swift */; };
		0CC7D1A42A5B3360005DB139 /* MainTabViewController.swift in Sources */ = {isa = PBXBuildFile; fileRef = 0CC7D1A32A5B3360005DB139 /* MainTabViewController.swift */; };
		0CC8D3962A9FD099002B7B0F /* Extensions.swift in Sources */ = {isa = PBXBuildFile; fileRef = 0CC8D3952A9FD099002B7B0F /* Extensions.swift */; };
		0CDF372C2A7E729300EB2A88 /* EatHistoryItem.swift in Sources */ = {isa = PBXBuildFile; fileRef = 0CDF372B2A7E729300EB2A88 /* EatHistoryItem.swift */; };
		0CE66F742A76738500971742 /* DishDetailViewController.swift in Sources */ = {isa = PBXBuildFile; fileRef = 0CE66F732A76738500971742 /* DishDetailViewController.swift */; };
/* End PBXBuildFile section */

/* Begin PBXFileReference section */
		0C0553FF2A5C3A4B00DFECAB /* Product.swift */ = {isa = PBXFileReference; lastKnownFileType = sourcecode.swift; path = Product.swift; sourceTree = "<group>"; };
		0C0554012A5C3AB100DFECAB /* Category.swift */ = {isa = PBXFileReference; lastKnownFileType = sourcecode.swift; path = Category.swift; sourceTree = "<group>"; };
		0C0554042A5C3E4E00DFECAB /* Toast.swift */ = {isa = PBXFileReference; lastKnownFileType = sourcecode.swift; path = Toast.swift; sourceTree = "<group>"; };
		0C3AEDDF2A7FF84E000F77A3 /* EatHistoryViewController.swift */ = {isa = PBXFileReference; lastKnownFileType = sourcecode.swift; path = EatHistoryViewController.swift; sourceTree = "<group>"; };
		0C5FB0E32A631D5B00B609CF /* Dish.swift */ = {isa = PBXFileReference; lastKnownFileType = sourcecode.swift; path = Dish.swift; sourceTree = "<group>"; };
		0C5FB0E52A631F2100B609CF /* ProductAmount.swift */ = {isa = PBXFileReference; lastKnownFileType = sourcecode.swift; path = ProductAmount.swift; sourceTree = "<group>"; };
		0C63C8832A7BBD3200CFDCD2 /* PhotoData.swift */ = {isa = PBXFileReference; lastKnownFileType = sourcecode.swift; path = PhotoData.swift; sourceTree = "<group>"; };
		0C913A412A8BDDF800C8F2E8 /* TableViewComponent.swift */ = {isa = PBXFileReference; lastKnownFileType = sourcecode.swift; path = TableViewComponent.swift; sourceTree = "<group>"; };
		0C98E2382A7E8E4F00A33054 /* StringUtils.swift */ = {isa = PBXFileReference; lastKnownFileType = sourcecode.swift; path = StringUtils.swift; sourceTree = "<group>"; };
		0C9AA1522A87CAAB001F8FF4 /* UILabelPadding.swift */ = {isa = PBXFileReference; lastKnownFileType = sourcecode.swift; path = UILabelPadding.swift; sourceTree = "<group>"; };
		0CA539EF2A9540AD001CDD2F /* DateUtils.swift */ = {isa = PBXFileReference; lastKnownFileType = sourcecode.swift; path = DateUtils.swift; sourceTree = "<group>"; };
		0CC7D17B2A5AE2E7005DB139 /* ShoppingList.app */ = {isa = PBXFileReference; explicitFileType = wrapper.application; includeInIndex = 0; path = ShoppingList.app; sourceTree = BUILT_PRODUCTS_DIR; };
		0CC7D17E2A5AE2E7005DB139 /* AppDelegate.swift */ = {isa = PBXFileReference; lastKnownFileType = sourcecode.swift; path = AppDelegate.swift; sourceTree = "<group>"; };
		0CC7D1802A5AE2E7005DB139 /* SceneDelegate.swift */ = {isa = PBXFileReference; lastKnownFileType = sourcecode.swift; path = SceneDelegate.swift; sourceTree = "<group>"; };
		0CC7D1852A5AE2E7005DB139 /* Base */ = {isa = PBXFileReference; lastKnownFileType = file.storyboard; name = Base; path = Base.lproj/Main.storyboard; sourceTree = "<group>"; };
		0CC7D1872A5AE2E8005DB139 /* Assets.xcassets */ = {isa = PBXFileReference; lastKnownFileType = folder.assetcatalog; path = Assets.xcassets; sourceTree = "<group>"; };
		0CC7D18A2A5AE2E8005DB139 /* Base */ = {isa = PBXFileReference; lastKnownFileType = file.storyboard; name = Base; path = Base.lproj/LaunchScreen.storyboard; sourceTree = "<group>"; };
		0CC7D18C2A5AE2E8005DB139 /* Info.plist */ = {isa = PBXFileReference; lastKnownFileType = text.plist.xml; path = Info.plist; sourceTree = "<group>"; };
		0CC7D1952A5AE32D005DB139 /* DatabaseManager.swift */ = {isa = PBXFileReference; lastKnownFileType = sourcecode.swift; path = DatabaseManager.swift; sourceTree = "<group>"; };
		0CC7D1992A5B2CCF005DB139 /* ShoppingListViewController.swift */ = {isa = PBXFileReference; lastKnownFileType = sourcecode.swift; path = ShoppingListViewController.swift; sourceTree = "<group>"; };
		0CC7D19B2A5B2CFF005DB139 /* AddProductViewController.swift */ = {isa = PBXFileReference; lastKnownFileType = sourcecode.swift; path = AddProductViewController.swift; sourceTree = "<group>"; };
		0CC7D19D2A5B2D0F005DB139 /* ProductsViewController.swift */ = {isa = PBXFileReference; lastKnownFileType = sourcecode.swift; path = ProductsViewController.swift; sourceTree = "<group>"; };
		0CC7D19F2A5B2D22005DB139 /* AddDishViewController.swift */ = {isa = PBXFileReference; lastKnownFileType = sourcecode.swift; path = AddDishViewController.swift; sourceTree = "<group>"; };
		0CC7D1A12A5B2D2F005DB139 /* DishesViewController.swift */ = {isa = PBXFileReference; lastKnownFileType = sourcecode.swift; path = DishesViewController.swift; sourceTree = "<group>"; };
		0CC7D1A32A5B3360005DB139 /* MainTabViewController.swift */ = {isa = PBXFileReference; lastKnownFileType = sourcecode.swift; path = MainTabViewController.swift; sourceTree = "<group>"; };
		0CC8D3952A9FD099002B7B0F /* Extensions.swift */ = {isa = PBXFileReference; lastKnownFileType = sourcecode.swift; path = Extensions.swift; sourceTree = "<group>"; };
		0CDF372B2A7E729300EB2A88 /* EatHistoryItem.swift */ = {isa = PBXFileReference; lastKnownFileType = sourcecode.swift; path = EatHistoryItem.swift; sourceTree = "<group>"; };
		0CE66F732A76738500971742 /* DishDetailViewController.swift */ = {isa = PBXFileReference; lastKnownFileType = sourcecode.swift; path = DishDetailViewController.swift; sourceTree = "<group>"; };
/* End PBXFileReference section */

/* Begin PBXFrameworksBuildPhase section */
		0CC7D1782A5AE2E7005DB139 /* Frameworks */ = {
			isa = PBXFrameworksBuildPhase;
			buildActionMask = 2147483647;
			files = (
				0C0624D22A60680D00E5E36F /* SQLite in Frameworks */,
			);
			runOnlyForDeploymentPostprocessing = 0;
		};
/* End PBXFrameworksBuildPhase section */

/* Begin PBXGroup section */
		0C0553FE2A5C3A1200DFECAB /* Entity */ = {
			isa = PBXGroup;
			children = (
				0C0553FF2A5C3A4B00DFECAB /* Product.swift */,
				0C0554012A5C3AB100DFECAB /* Category.swift */,
				0C5FB0E32A631D5B00B609CF /* Dish.swift */,
				0C5FB0E52A631F2100B609CF /* ProductAmount.swift */,
				0CDF372B2A7E729300EB2A88 /* EatHistoryItem.swift */,
			);
			path = Entity;
			sourceTree = "<group>";
		};
		0C0554032A5C3E3D00DFECAB /* Shared */ = {
			isa = PBXGroup;
			children = (
				0C63C8832A7BBD3200CFDCD2 /* PhotoData.swift */,
				0C0554042A5C3E4E00DFECAB /* Toast.swift */,
				0C98E2382A7E8E4F00A33054 /* StringUtils.swift */,
				0C9AA1522A87CAAB001F8FF4 /* UILabelPadding.swift */,
				0C913A412A8BDDF800C8F2E8 /* TableViewComponent.swift */,
				0CA539EF2A9540AD001CDD2F /* DateUtils.swift */,
				0CC8D3952A9FD099002B7B0F /* Extensions.swift */,
			);
			path = Shared;
			sourceTree = "<group>";
		};
		0C913A432A8BE46F00C8F2E8 /* Details */ = {
			isa = PBXGroup;
			children = (
				0C3AEDDF2A7FF84E000F77A3 /* EatHistoryViewController.swift */,
				0CE66F732A76738500971742 /* DishDetailViewController.swift */,
			);
			path = Details;
			sourceTree = "<group>";
		};
		0CA88C662A6BEEA200838222 /* Tables */ = {
			isa = PBXGroup;
			children = (
				0CC7D1992A5B2CCF005DB139 /* ShoppingListViewController.swift */,
				0CC7D19D2A5B2D0F005DB139 /* ProductsViewController.swift */,
				0CC7D1A12A5B2D2F005DB139 /* DishesViewController.swift */,
			);
			path = Tables;
			sourceTree = "<group>";
		};
		0CA88C672A6BEEAD00838222 /* Forms */ = {
			isa = PBXGroup;
			children = (
				0CC7D19B2A5B2CFF005DB139 /* AddProductViewController.swift */,
				0CC7D19F2A5B2D22005DB139 /* AddDishViewController.swift */,
			);
			path = Forms;
			sourceTree = "<group>";
		};
		0CC7D1722A5AE2E7005DB139 = {
			isa = PBXGroup;
			children = (
				0CC7D17D2A5AE2E7005DB139 /* ShoppingList */,
				0CC7D17C2A5AE2E7005DB139 /* Products */,
				0CC7D1922A5AE318005DB139 /* Frameworks */,
			);
			sourceTree = "<group>";
		};
		0CC7D17C2A5AE2E7005DB139 /* Products */ = {
			isa = PBXGroup;
			children = (
				0CC7D17B2A5AE2E7005DB139 /* ShoppingList.app */,
			);
			name = Products;
			sourceTree = "<group>";
		};
		0CC7D17D2A5AE2E7005DB139 /* ShoppingList */ = {
			isa = PBXGroup;
			children = (
				0C0554032A5C3E3D00DFECAB /* Shared */,
				0CC7D1982A5B2B07005DB139 /* Database */,
				0CC7D1972A5B2AF8005DB139 /* Controllers */,
				0CC7D17E2A5AE2E7005DB139 /* AppDelegate.swift */,
				0CC7D1802A5AE2E7005DB139 /* SceneDelegate.swift */,
				0CC7D1842A5AE2E7005DB139 /* Main.storyboard */,
				0CC7D1872A5AE2E8005DB139 /* Assets.xcassets */,
				0CC7D1892A5AE2E8005DB139 /* LaunchScreen.storyboard */,
				0CC7D18C2A5AE2E8005DB139 /* Info.plist */,
			);
			path = ShoppingList;
			sourceTree = "<group>";
		};
		0CC7D1922A5AE318005DB139 /* Frameworks */ = {
			isa = PBXGroup;
			children = (
			);
			name = Frameworks;
			sourceTree = "<group>";
		};
		0CC7D1972A5B2AF8005DB139 /* Controllers */ = {
			isa = PBXGroup;
			children = (
				0C913A432A8BE46F00C8F2E8 /* Details */,
				0CA88C672A6BEEAD00838222 /* Forms */,
				0CA88C662A6BEEA200838222 /* Tables */,
				0CC7D1A32A5B3360005DB139 /* MainTabViewController.swift */,
			);
			path = Controllers;
			sourceTree = "<group>";
		};
		0CC7D1982A5B2B07005DB139 /* Database */ = {
			isa = PBXGroup;
			children = (
				0C0553FE2A5C3A1200DFECAB /* Entity */,
				0CC7D1952A5AE32D005DB139 /* DatabaseManager.swift */,
			);
			path = Database;
			sourceTree = "<group>";
		};
/* End PBXGroup section */

/* Begin PBXNativeTarget section */
		0CC7D17A2A5AE2E7005DB139 /* ShoppingList */ = {
			isa = PBXNativeTarget;
			buildConfigurationList = 0CC7D18F2A5AE2E8005DB139 /* Build configuration list for PBXNativeTarget "ShoppingList" */;
			buildPhases = (
				0CC7D1772A5AE2E7005DB139 /* Sources */,
				0CC7D1782A5AE2E7005DB139 /* Frameworks */,
				0CC7D1792A5AE2E7005DB139 /* Resources */,
			);
			buildRules = (
			);
			dependencies = (
			);
			name = ShoppingList;
			packageProductDependencies = (
				0C0624D12A60680D00E5E36F /* SQLite */,
			);
			productName = ShoppingList;
			productReference = 0CC7D17B2A5AE2E7005DB139 /* ShoppingList.app */;
			productType = "com.apple.product-type.application";
		};
/* End PBXNativeTarget section */

/* Begin PBXProject section */
		0CC7D1732A5AE2E7005DB139 /* Project object */ = {
			isa = PBXProject;
			attributes = {
				BuildIndependentTargetsInParallel = 1;
				LastSwiftUpdateCheck = 1430;
				LastUpgradeCheck = 1430;
				TargetAttributes = {
					0CC7D17A2A5AE2E7005DB139 = {
						CreatedOnToolsVersion = 14.3.1;
					};
				};
			};
			buildConfigurationList = 0CC7D1762A5AE2E7005DB139 /* Build configuration list for PBXProject "ShoppingList" */;
			compatibilityVersion = "Xcode 14.0";
			developmentRegion = en;
			hasScannedForEncodings = 0;
			knownRegions = (
				en,
				Base,
			);
			mainGroup = 0CC7D1722A5AE2E7005DB139;
			packageReferences = (
				0C0624D02A60680D00E5E36F /* XCRemoteSwiftPackageReference "SQLite" */,
			);
			productRefGroup = 0CC7D17C2A5AE2E7005DB139 /* Products */;
			projectDirPath = "";
			projectRoot = "";
			targets = (
				0CC7D17A2A5AE2E7005DB139 /* ShoppingList */,
			);
		};
/* End PBXProject section */

/* Begin PBXResourcesBuildPhase section */
		0CC7D1792A5AE2E7005DB139 /* Resources */ = {
			isa = PBXResourcesBuildPhase;
			buildActionMask = 2147483647;
			files = (
				0CC7D18B2A5AE2E8005DB139 /* LaunchScreen.storyboard in Resources */,
				0CC7D1882A5AE2E8005DB139 /* Assets.xcassets in Resources */,
				0CC7D1862A5AE2E7005DB139 /* Main.storyboard in Resources */,
			);
			runOnlyForDeploymentPostprocessing = 0;
		};
/* End PBXResourcesBuildPhase section */

/* Begin PBXSourcesBuildPhase section */
		0CC7D1772A5AE2E7005DB139 /* Sources */ = {
			isa = PBXSourcesBuildPhase;
			buildActionMask = 2147483647;
			files = (
				0CC8D3962A9FD099002B7B0F /* Extensions.swift in Sources */,
				0CC7D19A2A5B2CCF005DB139 /* ShoppingListViewController.swift in Sources */,
				0C0554052A5C3E4E00DFECAB /* Toast.swift in Sources */,
				0CE66F742A76738500971742 /* DishDetailViewController.swift in Sources */,
				0CC7D1A22A5B2D2F005DB139 /* DishesViewController.swift in Sources */,
				0C3AEDE02A7FF84E000F77A3 /* EatHistoryViewController.swift in Sources */,
				0CC7D1962A5AE32D005DB139 /* DatabaseManager.swift in Sources */,
				0CC7D19E2A5B2D0F005DB139 /* ProductsViewController.swift in Sources */,
				0CC7D19C2A5B2CFF005DB139 /* AddProductViewController.swift in Sources */,
				0C98E2392A7E8E4F00A33054 /* StringUtils.swift in Sources */,
				0CC7D17F2A5AE2E7005DB139 /* AppDelegate.swift in Sources */,
				0CC7D1A02A5B2D22005DB139 /* AddDishViewController.swift in Sources */,
				0CA539F02A9540AD001CDD2F /* DateUtils.swift in Sources */,
				0C0554002A5C3A4B00DFECAB /* Product.swift in Sources */,
				0CC7D1812A5AE2E7005DB139 /* SceneDelegate.swift in Sources */,
				0C63C8842A7BBD3200CFDCD2 /* PhotoData.swift in Sources */,
				0CC7D1A42A5B3360005DB139 /* MainTabViewController.swift in Sources */,
				0C5FB0E42A631D5B00B609CF /* Dish.swift in Sources */,
				0CDF372C2A7E729300EB2A88 /* EatHistoryItem.swift in Sources */,
				0C9AA1532A87CAAB001F8FF4 /* UILabelPadding.swift in Sources */,
				0C0554022A5C3AB100DFECAB /* Category.swift in Sources */,
				0C5FB0E62A631F2100B609CF /* ProductAmount.swift in Sources */,
				0C913A422A8BDDF800C8F2E8 /* TableViewComponent.swift in Sources */,
			);
			runOnlyForDeploymentPostprocessing = 0;
		};
/* End PBXSourcesBuildPhase section */

/* Begin PBXVariantGroup section */
		0CC7D1842A5AE2E7005DB139 /* Main.storyboard */ = {
			isa = PBXVariantGroup;
			children = (
				0CC7D1852A5AE2E7005DB139 /* Base */,
			);
			name = Main.storyboard;
			sourceTree = "<group>";
		};
		0CC7D1892A5AE2E8005DB139 /* LaunchScreen.storyboard */ = {
			isa = PBXVariantGroup;
			children = (
				0CC7D18A2A5AE2E8005DB139 /* Base */,
			);
			name = LaunchScreen.storyboard;
			sourceTree = "<group>";
		};
/* End PBXVariantGroup section */

/* Begin XCBuildConfiguration section */
		0CC7D18D2A5AE2E8005DB139 /* Debug */ = {
			isa = XCBuildConfiguration;
			buildSettings = {
				ALWAYS_SEARCH_USER_PATHS = NO;
				CLANG_ANALYZER_NONNULL = YES;
				CLANG_ANALYZER_NUMBER_OBJECT_CONVERSION = YES_AGGRESSIVE;
				CLANG_CXX_LANGUAGE_STANDARD = "gnu++20";
				CLANG_ENABLE_MODULES = YES;
				CLANG_ENABLE_OBJC_ARC = YES;
				CLANG_ENABLE_OBJC_WEAK = YES;
				CLANG_WARN_BLOCK_CAPTURE_AUTORELEASING = YES;
				CLANG_WARN_BOOL_CONVERSION = YES;
				CLANG_WARN_COMMA = YES;
				CLANG_WARN_CONSTANT_CONVERSION = YES;
				CLANG_WARN_DEPRECATED_OBJC_IMPLEMENTATIONS = YES;
				CLANG_WARN_DIRECT_OBJC_ISA_USAGE = YES_ERROR;
				CLANG_WARN_DOCUMENTATION_COMMENTS = YES;
				CLANG_WARN_EMPTY_BODY = YES;
				CLANG_WARN_ENUM_CONVERSION = YES;
				CLANG_WARN_INFINITE_RECURSION = YES;
				CLANG_WARN_INT_CONVERSION = YES;
				CLANG_WARN_NON_LITERAL_NULL_CONVERSION = YES;
				CLANG_WARN_OBJC_IMPLICIT_RETAIN_SELF = YES;
				CLANG_WARN_OBJC_LITERAL_CONVERSION = YES;
				CLANG_WARN_OBJC_ROOT_CLASS = YES_ERROR;
				CLANG_WARN_QUOTED_INCLUDE_IN_FRAMEWORK_HEADER = YES;
				CLANG_WARN_RANGE_LOOP_ANALYSIS = YES;
				CLANG_WARN_STRICT_PROTOTYPES = YES;
				CLANG_WARN_SUSPICIOUS_MOVE = YES;
				CLANG_WARN_UNGUARDED_AVAILABILITY = YES_AGGRESSIVE;
				CLANG_WARN_UNREACHABLE_CODE = YES;
				CLANG_WARN__DUPLICATE_METHOD_MATCH = YES;
				COPY_PHASE_STRIP = NO;
				DEBUG_INFORMATION_FORMAT = dwarf;
				ENABLE_STRICT_OBJC_MSGSEND = YES;
				ENABLE_TESTABILITY = YES;
				GCC_C_LANGUAGE_STANDARD = gnu11;
				GCC_DYNAMIC_NO_PIC = NO;
				GCC_NO_COMMON_BLOCKS = YES;
				GCC_OPTIMIZATION_LEVEL = 0;
				GCC_PREPROCESSOR_DEFINITIONS = (
					"DEBUG=1",
					"$(inherited)",
				);
				GCC_WARN_64_TO_32_BIT_CONVERSION = YES;
				GCC_WARN_ABOUT_RETURN_TYPE = YES_ERROR;
				GCC_WARN_UNDECLARED_SELECTOR = YES;
				GCC_WARN_UNINITIALIZED_AUTOS = YES_AGGRESSIVE;
				GCC_WARN_UNUSED_FUNCTION = YES;
				GCC_WARN_UNUSED_VARIABLE = YES;
				IPHONEOS_DEPLOYMENT_TARGET = 16.4;
				MTL_ENABLE_DEBUG_INFO = INCLUDE_SOURCE;
				MTL_FAST_MATH = YES;
				ONLY_ACTIVE_ARCH = YES;
				SDKROOT = iphoneos;
				SWIFT_ACTIVE_COMPILATION_CONDITIONS = DEBUG;
				SWIFT_OPTIMIZATION_LEVEL = "-Onone";
			};
			name = Debug;
		};
		0CC7D18E2A5AE2E8005DB139 /* Release */ = {
			isa = XCBuildConfiguration;
			buildSettings = {
				ALWAYS_SEARCH_USER_PATHS = NO;
				CLANG_ANALYZER_NONNULL = YES;
				CLANG_ANALYZER_NUMBER_OBJECT_CONVERSION = YES_AGGRESSIVE;
				CLANG_CXX_LANGUAGE_STANDARD = "gnu++20";
				CLANG_ENABLE_MODULES = YES;
				CLANG_ENABLE_OBJC_ARC = YES;
				CLANG_ENABLE_OBJC_WEAK = YES;
				CLANG_WARN_BLOCK_CAPTURE_AUTORELEASING = YES;
				CLANG_WARN_BOOL_CONVERSION = YES;
				CLANG_WARN_COMMA = YES;
				CLANG_WARN_CONSTANT_CONVERSION = YES;
				CLANG_WARN_DEPRECATED_OBJC_IMPLEMENTATIONS = YES;
				CLANG_WARN_DIRECT_OBJC_ISA_USAGE = YES_ERROR;
				CLANG_WARN_DOCUMENTATION_COMMENTS = YES;
				CLANG_WARN_EMPTY_BODY = YES;
				CLANG_WARN_ENUM_CONVERSION = YES;
				CLANG_WARN_INFINITE_RECURSION = YES;
				CLANG_WARN_INT_CONVERSION = YES;
				CLANG_WARN_NON_LITERAL_NULL_CONVERSION = YES;
				CLANG_WARN_OBJC_IMPLICIT_RETAIN_SELF = YES;
				CLANG_WARN_OBJC_LITERAL_CONVERSION = YES;
				CLANG_WARN_OBJC_ROOT_CLASS = YES_ERROR;
				CLANG_WARN_QUOTED_INCLUDE_IN_FRAMEWORK_HEADER = YES;
				CLANG_WARN_RANGE_LOOP_ANALYSIS = YES;
				CLANG_WARN_STRICT_PROTOTYPES = YES;
				CLANG_WARN_SUSPICIOUS_MOVE = YES;
				CLANG_WARN_UNGUARDED_AVAILABILITY = YES_AGGRESSIVE;
				CLANG_WARN_UNREACHABLE_CODE = YES;
				CLANG_WARN__DUPLICATE_METHOD_MATCH = YES;
				COPY_PHASE_STRIP = NO;
				DEBUG_INFORMATION_FORMAT = "dwarf-with-dsym";
				ENABLE_NS_ASSERTIONS = NO;
				ENABLE_STRICT_OBJC_MSGSEND = YES;
				GCC_C_LANGUAGE_STANDARD = gnu11;
				GCC_NO_COMMON_BLOCKS = YES;
				GCC_WARN_64_TO_32_BIT_CONVERSION = YES;
				GCC_WARN_ABOUT_RETURN_TYPE = YES_ERROR;
				GCC_WARN_UNDECLARED_SELECTOR = YES;
				GCC_WARN_UNINITIALIZED_AUTOS = YES_AGGRESSIVE;
				GCC_WARN_UNUSED_FUNCTION = YES;
				GCC_WARN_UNUSED_VARIABLE = YES;
				IPHONEOS_DEPLOYMENT_TARGET = 16.4;
				MTL_ENABLE_DEBUG_INFO = NO;
				MTL_FAST_MATH = YES;
				SDKROOT = iphoneos;
				SWIFT_COMPILATION_MODE = wholemodule;
				SWIFT_OPTIMIZATION_LEVEL = "-O";
				VALIDATE_PRODUCT = YES;
			};
			name = Release;
		};
		0CC7D1902A5AE2E8005DB139 /* Debug */ = {
			isa = XCBuildConfiguration;
			buildSettings = {
				ASSETCATALOG_COMPILER_APPICON_NAME = FitForYouIcon;
				ASSETCATALOG_COMPILER_GLOBAL_ACCENT_COLOR_NAME = AccentColor;
				ASSETCATALOG_COMPILER_INCLUDE_ALL_APPICON_ASSETS = YES;
				CODE_SIGN_STYLE = Automatic;
				CURRENT_PROJECT_VERSION = 1;
				DEVELOPMENT_TEAM = LD3676XBTX;
				GENERATE_INFOPLIST_FILE = YES;
				INFOPLIST_FILE = ShoppingList/Info.plist;
				INFOPLIST_KEY_UIApplicationSupportsIndirectInputEvents = YES;
				INFOPLIST_KEY_UILaunchStoryboardName = "";
				INFOPLIST_KEY_UIMainStoryboardFile = Main;
				INFOPLIST_KEY_UISupportedInterfaceOrientations_iPad = "UIInterfaceOrientationPortrait UIInterfaceOrientationPortraitUpsideDown UIInterfaceOrientationLandscapeLeft UIInterfaceOrientationLandscapeRight";
				INFOPLIST_KEY_UISupportedInterfaceOrientations_iPhone = "UIInterfaceOrientationPortrait UIInterfaceOrientationLandscapeLeft UIInterfaceOrientationLandscapeRight";
				LD_RUNPATH_SEARCH_PATHS = (
					"$(inherited)",
					"@executable_path/Frameworks",
				);
				MARKETING_VERSION = 1.0;
				PRODUCT_BUNDLE_IDENTIFIER = FitAppId.ShoppingList;
				PRODUCT_NAME = "$(TARGET_NAME)";
				SWIFT_EMIT_LOC_STRINGS = YES;
				SWIFT_VERSION = 5.0;
				TARGETED_DEVICE_FAMILY = "1,2";
			};
			name = Debug;
		};
		0CC7D1912A5AE2E8005DB139 /* Release */ = {
			isa = XCBuildConfiguration;
			buildSettings = {
				ASSETCATALOG_COMPILER_APPICON_NAME = FitForYouIcon;
				ASSETCATALOG_COMPILER_GLOBAL_ACCENT_COLOR_NAME = AccentColor;
				ASSETCATALOG_COMPILER_INCLUDE_ALL_APPICON_ASSETS = YES;
				CODE_SIGN_STYLE = Automatic;
				CURRENT_PROJECT_VERSION = 1;
				DEVELOPMENT_TEAM = LD3676XBTX;
				GENERATE_INFOPLIST_FILE = YES;
				INFOPLIST_FILE = ShoppingList/Info.plist;
				INFOPLIST_KEY_UIApplicationSupportsIndirectInputEvents = YES;
				INFOPLIST_KEY_UILaunchStoryboardName = "";
				INFOPLIST_KEY_UIMainStoryboardFile = Main;
				INFOPLIST_KEY_UISupportedInterfaceOrientations_iPad = "UIInterfaceOrientationPortrait UIInterfaceOrientationPortraitUpsideDown UIInterfaceOrientationLandscapeLeft UIInterfaceOrientationLandscapeRight";
				INFOPLIST_KEY_UISupportedInterfaceOrientations_iPhone = "UIInterfaceOrientationPortrait UIInterfaceOrientationLandscapeLeft UIInterfaceOrientationLandscapeRight";
				LD_RUNPATH_SEARCH_PATHS = (
					"$(inherited)",
					"@executable_path/Frameworks",
				);
				MARKETING_VERSION = 1.0;
				PRODUCT_BUNDLE_IDENTIFIER = FitAppId.ShoppingList;
				PRODUCT_NAME = "$(TARGET_NAME)";
				SWIFT_EMIT_LOC_STRINGS = YES;
				SWIFT_VERSION = 5.0;
				TARGETED_DEVICE_FAMILY = "1,2";
			};
			name = Release;
		};
/* End XCBuildConfiguration section */

/* Begin XCConfigurationList section */
		0CC7D1762A5AE2E7005DB139 /* Build configuration list for PBXProject "ShoppingList" */ = {
			isa = XCConfigurationList;
			buildConfigurations = (
				0CC7D18D2A5AE2E8005DB139 /* Debug */,
				0CC7D18E2A5AE2E8005DB139 /* Release */,
			);
			defaultConfigurationIsVisible = 0;
			defaultConfigurationName = Release;
		};
		0CC7D18F2A5AE2E8005DB139 /* Build configuration list for PBXNativeTarget "ShoppingList" */ = {
			isa = XCConfigurationList;
			buildConfigurations = (
				0CC7D1902A5AE2E8005DB139 /* Debug */,
				0CC7D1912A5AE2E8005DB139 /* Release */,
			);
			defaultConfigurationIsVisible = 0;
			defaultConfigurationName = Release;
		};
/* End XCConfigurationList section */

/* Begin XCRemoteSwiftPackageReference section */
		0C0624D02A60680D00E5E36F /* XCRemoteSwiftPackageReference "SQLite" */ = {
			isa = XCRemoteSwiftPackageReference;
			repositoryURL = "https://github.com/stephencelis/SQLite.swift";
			requirement = {
				kind = upToNextMajorVersion;
				minimumVersion = 0.14.1;
			};
		};
/* End XCRemoteSwiftPackageReference section */

/* Begin XCSwiftPackageProductDependency section */
		0C0624D12A60680D00E5E36F /* SQLite */ = {
			isa = XCSwiftPackageProductDependency;
			package = 0C0624D02A60680D00E5E36F /* XCRemoteSwiftPackageReference "SQLite" */;
			productName = SQLite;
		};
/* End XCSwiftPackageProductDependency section */
	};
	rootObject = 0CC7D1732A5AE2E7005DB139 /* Project object */;
}
